
Microsoft Visual Studio Solution File, Format Version 12.00
# Visual Studio Version 17
VisualStudioVersion = 17.14.36109.1 d17.14
MinimumVisualStudioVersion = 10.0.40219.1
Project("{FAE04EC0-301F-11D3-BF4B-00C04F79EFBC}") = "TourMate.TourService.Api", "TourMate.TourService.Api\TourMate.TourService.Api.csproj", "{AFA3F882-5878-4207-816A-777AD89994C1}"
EndProject
Global
	GlobalSection(SolutionConfigurationPlatforms) = preSolution
		Debug|Any CPU = Debug|Any CPU
		Release|Any CPU = Release|Any CPU
	EndGlobalSection
	GlobalSection(ProjectConfigurationPlatforms) = postSolution
		{AFA3F882-5878-4207-816A-777AD89994C1}.Debug|Any CPU.ActiveCfg = Debug|Any CPU
		{AFA3F882-5878-4207-816A-777AD89994C1}.Debug|Any CPU.Build.0 = Debug|Any CPU
		{AFA3F882-5878-4207-816A-777AD89994C1}.Release|Any CPU.ActiveCfg = Release|Any CPU
		{AFA3F882-5878-4207-816A-777AD89994C1}.Release|Any CPU.Build.0 = Release|Any CPU
	EndGlobalSection
	GlobalSection(SolutionProperties) = preSolution
		HideSolutionNode = FALSE
	EndGlobalSection
	GlobalSection(ExtensibilityGlobals) = postSolution
		SolutionGuid = {476DE36F-BA6C-40FB-9248-B33B16DC8F57}
	EndGlobalSection
EndGlobal
